
Microsoft Visual Studio Solution File, Format Version 12.00
# Visual Studio 15
VisualStudioVersion = 15.0.28010.2046
MinimumVisualStudioVersion = 10.0.40219.1
Project("{FAE04EC0-301F-11D3-BF4B-00C04F79EFBC}") = "COMP123-S2019-Lesson13B-Part1", "COMP123-S2019-Lesson13B-Part1\COMP123-S2019-Lesson13B-Part1.csproj", "{A75B2E72-7266-4279-943C-24A8A38904DB}"
EndProject
Global
	GlobalSection(SolutionConfigurationPlatforms) = preSolution
		Debug|Any CPU = Debug|Any CPU
		Release|Any CPU = Release|Any CPU
	EndGlobalSection
	GlobalSection(ProjectConfigurationPlatforms) = postSolution
		{A75B2E72-7266-4279-943C-24A8A38904DB}.Debug|Any CPU.ActiveCfg = Debug|Any CPU
		{A75B2E72-7266-4279-943C-24A8A38904DB}.Debug|Any CPU.Build.0 = Debug|Any CPU
		{A75B2E72-7266-4279-943C-24A8A38904DB}.Release|Any CPU.ActiveCfg = Release|Any CPU
		{A75B2E72-7266-4279-943C-24A8A38904DB}.Release|Any CPU.Build.0 = Release|Any CPU
	EndGlobalSection
	GlobalSection(SolutionProperties) = preSolution
		HideSolutionNode = FALSE
	EndGlobalSection
	GlobalSection(ExtensibilityGlobals) = postSolution
		SolutionGuid = {F5B8C34D-F20F-4927-A7C4-2105DF128CEC}
	EndGlobalSection
EndGlobal
